// !$*UTF8*$!
{
	archiveVersion = 1;
	classes = {
	};
	objectVersion = 46;
	objects = {

/* Begin PBXBuildFile section */
		471BDD6B19A245FB00A9FFBA /* Foundation.framework in Frameworks */ = {isa = PBXBuildFile; fileRef = 471BDD6A19A245FB00A9FFBA /* Foundation.framework */; };
		471BDD6D19A245FB00A9FFBA /* CoreGraphics.framework in Frameworks */ = {isa = PBXBuildFile; fileRef = 471BDD6C19A245FB00A9FFBA /* CoreGraphics.framework */; };
		471BDD6F19A245FB00A9FFBA /* UIKit.framework in Frameworks */ = {isa = PBXBuildFile; fileRef = 471BDD6E19A245FB00A9FFBA /* UIKit.framework */; };
		471BDD7519A245FB00A9FFBA /* InfoPlist.strings in Resources */ = {isa = PBXBuildFile; fileRef = 471BDD7319A245FB00A9FFBA /* InfoPlist.strings */; };
		471BDD7719A245FB00A9FFBA /* main.m in Sources */ = {isa = PBXBuildFile; fileRef = 471BDD7619A245FB00A9FFBA /* main.m */; };
		471BDD7B19A245FB00A9FFBA /* AppDelegate.m in Sources */ = {isa = PBXBuildFile; fileRef = 471BDD7A19A245FB00A9FFBA /* AppDelegate.m */; };
		471BDD7E19A245FB00A9FFBA /* Main.storyboard in Resources */ = {isa = PBXBuildFile; fileRef = 471BDD7C19A245FB00A9FFBA /* Main.storyboard */; };
		471BDD8119A245FB00A9FFBA /* ViewController.m in Sources */ = {isa = PBXBuildFile; fileRef = 471BDD8019A245FB00A9FFBA /* ViewController.m */; };
		471BDD8319A245FB00A9FFBA /* Images.xcassets in Resources */ = {isa = PBXBuildFile; fileRef = 471BDD8219A245FB00A9FFBA /* Images.xcassets */; };
		471BDD8A19A245FB00A9FFBA /* XCTest.framework in Frameworks */ = {isa = PBXBuildFile; fileRef = 471BDD8919A245FB00A9FFBA /* XCTest.framework */; };
		471BDD8B19A245FB00A9FFBA /* Foundation.framework in Frameworks */ = {isa = PBXBuildFile; fileRef = 471BDD6A19A245FB00A9FFBA /* Foundation.framework */; };
		471BDD8C19A245FB00A9FFBA /* UIKit.framework in Frameworks */ = {isa = PBXBuildFile; fileRef = 471BDD6E19A245FB00A9FFBA /* UIKit.framework */; };
		471BDD9419A245FB00A9FFBA /* InfoPlist.strings in Resources */ = {isa = PBXBuildFile; fileRef = 471BDD9219A245FB00A9FFBA /* InfoPlist.strings */; };
		471BDD9619A245FB00A9FFBA /* CalculatorTests.m in Sources */ = {isa = PBXBuildFile; fileRef = 471BDD9519A245FB00A9FFBA /* CalculatorTests.m */; };
/* End PBXBuildFile section */

/* Begin PBXContainerItemProxy section */
		471BDD8D19A245FB00A9FFBA /* PBXContainerItemProxy */ = {
			isa = PBXContainerItemProxy;
			containerPortal = 471BDD5F19A245FB00A9FFBA /* Project object */;
			proxyType = 1;
			remoteGlobalIDString = 471BDD6619A245FB00A9FFBA;
			remoteInfo = Calculator;
		};
/* End PBXContainerItemProxy section */

/* Begin PBXFileReference section */
		471BDD6719A245FB00A9FFBA /* Calculator.app */ = {isa = PBXFileReference; explicitFileType = wrapper.application; includeInIndex = 0; path = Calculator.app; sourceTree = BUILT_PRODUCTS_DIR; };
		471BDD6A19A245FB00A9FFBA /* Foundation.framework */ = {isa = PBXFileReference; lastKnownFileType = wrapper.framework; name = Foundation.framework; path = System/Library/Frameworks/Foundation.framework; sourceTree = SDKROOT; };
		471BDD6C19A245FB00A9FFBA /* CoreGraphics.framework */ = {isa = PBXFileReference; lastKnownFileType = wrapper.framework; name = CoreGraphics.framework; path = System/Library/Frameworks/CoreGraphics.framework; sourceTree = SDKROOT; };
		471BDD6E19A245FB00A9FFBA /* UIKit.framework */ = {isa = PBXFileReference; lastKnownFileType = wrapper.framework; name = UIKit.framework; path = System/Library/Frameworks/UIKit.framework; sourceTree = SDKROOT; };
		471BDD7219A245FB00A9FFBA /* Calculator-Info.plist */ = {isa = PBXFileReference; lastKnownFileType = text.plist.xml; path = "Calculator-Info.plist"; sourceTree = "<group>"; };
		471BDD7419A245FB00A9FFBA /* en */ = {isa = PBXFileReference; lastKnownFileType = text.plist.strings; name = en; path = en.lproj/InfoPlist.strings; sourceTree = "<group>"; };
		471BDD7619A245FB00A9FFBA /* main.m */ = {isa = PBXFileReference; lastKnownFileType = sourcecode.c.objc; path = main.m; sourceTree = "<group>"; };
		471BDD7819A245FB00A9FFBA /* Calculator-Prefix.pch */ = {isa = PBXFileReference; lastKnownFileType = sourcecode.c.h; path = "Calculator-Prefix.pch"; sourceTree = "<group>"; };
		471BDD7919A245FB00A9FFBA /* AppDelegate.h */ = {isa = PBXFileReference; lastKnownFileType = sourcecode.c.h; path = AppDelegate.h; sourceTree = "<group>"; };
		471BDD7A19A245FB00A9FFBA /* AppDelegate.m */ = {isa = PBXFileReference; lastKnownFileType = sourcecode.c.objc; path = AppDelegate.m; sourceTree = "<group>"; };
		471BDD7D19A245FB00A9FFBA /* Base */ = {isa = PBXFileReference; lastKnownFileType = file.storyboard; name = Base; path = Base.lproj/Main.storyboard; sourceTree = "<group>"; };
		471BDD7F19A245FB00A9FFBA /* ViewController.h */ = {isa = PBXFileReference; lastKnownFileType = sourcecode.c.h; path = ViewController.h; sourceTree = "<group>"; };
		471BDD8019A245FB00A9FFBA /* ViewController.m */ = {isa = PBXFileReference; lastKnownFileType = sourcecode.c.objc; path = ViewController.m; sourceTree = "<group>"; };
		471BDD8219A245FB00A9FFBA /* Images.xcassets */ = {isa = PBXFileReference; lastKnownFileType = folder.assetcatalog; path = Images.xcassets; sourceTree = "<group>"; };
		471BDD8819A245FB00A9FFBA /* CalculatorTests.xctest */ = {isa = PBXFileReference; explicitFileType = wrapper.cfbundle; includeInIndex = 0; path = CalculatorTests.xctest; sourceTree = BUILT_PRODUCTS_DIR; };
		471BDD8919A245FB00A9FFBA /* XCTest.framework */ = {isa = PBXFileReference; lastKnownFileType = wrapper.framework; name = XCTest.framework; path = Library/Frameworks/XCTest.framework; sourceTree = DEVELOPER_DIR; };
		471BDD9119A245FB00A9FFBA /* CalculatorTests-Info.plist */ = {isa = PBXFileReference; lastKnownFileType = text.plist.xml; path = "CalculatorTests-Info.plist"; sourceTree = "<group>"; };
		471BDD9319A245FB00A9FFBA /* en */ = {isa = PBXFileReference; lastKnownFileType = text.plist.strings; name = en; path = en.lproj/InfoPlist.strings; sourceTree = "<group>"; };
		471BDD9519A245FB00A9FFBA /* CalculatorTests.m */ = {isa = PBXFileReference; lastKnownFileType = sourcecode.c.objc; path = CalculatorTests.m; sourceTree = "<group>"; };
/* End PBXFileReference section */

/* Begin PBXFrameworksBuildPhase section */
		471BDD6419A245FB00A9FFBA /* Frameworks */ = {
			isa = PBXFrameworksBuildPhase;
			buildActionMask = 2147483647;
			files = (
				471BDD6D19A245FB00A9FFBA /* CoreGraphics.framework in Frameworks */,
				471BDD6F19A245FB00A9FFBA /* UIKit.framework in Frameworks */,
				471BDD6B19A245FB00A9FFBA /* Foundation.framework in Frameworks */,
			);
			runOnlyForDeploymentPostprocessing = 0;
		};
		471BDD8519A245FB00A9FFBA /* Frameworks */ = {
			isa = PBXFrameworksBuildPhase;
			buildActionMask = 2147483647;
			files = (
				471BDD8A19A245FB00A9FFBA /* XCTest.framework in Frameworks */,
				471BDD8C19A245FB00A9FFBA /* UIKit.framework in Frameworks */,
				471BDD8B19A245FB00A9FFBA /* Foundation.framework in Frameworks */,
			);
			runOnlyForDeploymentPostprocessing = 0;
		};
/* End PBXFrameworksBuildPhase section */

/* Begin PBXGroup section */
		471BDD5E19A245FB00A9FFBA = {
			isa = PBXGroup;
			children = (
				471BDD7019A245FB00A9FFBA /* Calculator */,
				471BDD8F19A245FB00A9FFBA /* CalculatorTests */,
				471BDD6919A245FB00A9FFBA /* Frameworks */,
				471BDD6819A245FB00A9FFBA /* Products */,
			);
			sourceTree = "<group>";
		};
		471BDD6819A245FB00A9FFBA /* Products */ = {
			isa = PBXGroup;
			children = (
				471BDD6719A245FB00A9FFBA /* Calculator.app */,
				471BDD8819A245FB00A9FFBA /* CalculatorTests.xctest */,
			);
			name = Products;
			sourceTree = "<group>";
		};
		471BDD6919A245FB00A9FFBA /* Frameworks */ = {
			isa = PBXGroup;
			children = (
				471BDD6A19A245FB00A9FFBA /* Foundation.framework */,
				471BDD6C19A245FB00A9FFBA /* CoreGraphics.framework */,
				471BDD6E19A245FB00A9FFBA /* UIKit.framework */,
				471BDD8919A245FB00A9FFBA /* XCTest.framework */,
			);
			name = Frameworks;
			sourceTree = "<group>";
		};
		471BDD7019A245FB00A9FFBA /* Calculator */ = {
			isa = PBXGroup;
			children = (
				471BDD7919A245FB00A9FFBA /* AppDelegate.h */,
				471BDD7A19A245FB00A9FFBA /* AppDelegate.m */,
				471BDD7C19A245FB00A9FFBA /* Main.storyboard */,
				471BDD7F19A245FB00A9FFBA /* ViewController.h */,
				471BDD8019A245FB00A9FFBA /* ViewController.m */,
				471BDD8219A245FB00A9FFBA /* Images.xcassets */,
				471BDD7119A245FB00A9FFBA /* Supporting Files */,
			);
			path = Calculator;
			sourceTree = "<group>";
		};
		471BDD7119A245FB00A9FFBA /* Supporting Files */ = {
			isa = PBXGroup;
			children = (
				471BDD7219A245FB00A9FFBA /* Calculator-Info.plist */,
				471BDD7319A245FB00A9FFBA /* InfoPlist.strings */,
				471BDD7619A245FB00A9FFBA /* main.m */,
				471BDD7819A245FB00A9FFBA /* Calculator-Prefix.pch */,
			);
			name = "Supporting Files";
			sourceTree = "<group>";
		};
		471BDD8F19A245FB00A9FFBA /* CalculatorTests */ = {
			isa = PBXGroup;
			children = (
				471BDD9519A245FB00A9FFBA /* CalculatorTests.m */,
				471BDD9019A245FB00A9FFBA /* Supporting Files */,
			);
			path = CalculatorTests;
			sourceTree = "<group>";
		};
		471BDD9019A245FB00A9FFBA /* Supporting Files */ = {
			isa = PBXGroup;
			children = (
				471BDD9119A245FB00A9FFBA /* CalculatorTests-Info.plist */,
				471BDD9219A245FB00A9FFBA /* InfoPlist.strings */,
			);
			name = "Supporting Files";
			sourceTree = "<group>";
		};
/* End PBXGroup section */

/* Begin PBXNativeTarget section */
		471BDD6619A245FB00A9FFBA /* Calculator */ = {
			isa = PBXNativeTarget;
			buildConfigurationList = 471BDD9919A245FB00A9FFBA /* Build configuration list for PBXNativeTarget "Calculator" */;
			buildPhases = (
				471BDD6319A245FB00A9FFBA /* Sources */,
				471BDD6419A245FB00A9FFBA /* Frameworks */,
				471BDD6519A245FB00A9FFBA /* Resources */,
			);
			buildRules = (
			);
			dependencies = (
			);
			name = Calculator;
			productName = Calculator;
			productReference = 471BDD6719A245FB00A9FFBA /* Calculator.app */;
			productType = "com.apple.product-type.application";
		};
		471BDD8719A245FB00A9FFBA /* CalculatorTests */ = {
			isa = PBXNativeTarget;
			buildConfigurationList = 471BDD9C19A245FB00A9FFBA /* Build configuration list for PBXNativeTarget "CalculatorTests" */;
			buildPhases = (
				471BDD8419A245FB00A9FFBA /* Sources */,
				471BDD8519A245FB00A9FFBA /* Frameworks */,
				471BDD8619A245FB00A9FFBA /* Resources */,
			);
			buildRules = (
			);
			dependencies = (
				471BDD8E19A245FB00A9FFBA /* PBXTargetDependency */,
			);
			name = CalculatorTests;
			productName = CalculatorTests;
			productReference = 471BDD8819A245FB00A9FFBA /* CalculatorTests.xctest */;
			productType = "com.apple.product-type.bundle.unit-test";
		};
/* End PBXNativeTarget section */

/* Begin PBXProject section */
		471BDD5F19A245FB00A9FFBA /* Project object */ = {
			isa = PBXProject;
			attributes = {
				LastUpgradeCheck = 0510;
				ORGANIZATIONNAME = "Remote Tiger";
				TargetAttributes = {
					471BDD8719A245FB00A9FFBA = {
						TestTargetID = 471BDD6619A245FB00A9FFBA;
					};
				};
			};
			buildConfigurationList = 471BDD6219A245FB00A9FFBA /* Build configuration list for PBXProject "Calculator" */;
			compatibilityVersion = "Xcode 3.2";
			developmentRegion = English;
			hasScannedForEncodings = 0;
			knownRegions = (
				en,
				Base,
			);
			mainGroup = 471BDD5E19A245FB00A9FFBA;
			productRefGroup = 471BDD6819A245FB00A9FFBA /* Products */;
			projectDirPath = "";
			projectRoot = "";
			targets = (
				471BDD6619A245FB00A9FFBA /* Calculator */,
				471BDD8719A245FB00A9FFBA /* CalculatorTests */,
			);
		};
/* End PBXProject section */

/* Begin PBXResourcesBuildPhase section */
		471BDD6519A245FB00A9FFBA /* Resources */ = {
			isa = PBXResourcesBuildPhase;
			buildActionMask = 2147483647;
			files = (
				471BDD8319A245FB00A9FFBA /* Images.xcassets in Resources */,
				471BDD7519A245FB00A9FFBA /* InfoPlist.strings in Resources */,
				471BDD7E19A245FB00A9FFBA /* Main.storyboard in Resources */,
			);
			runOnlyForDeploymentPostprocessing = 0;
		};
		471BDD8619A245FB00A9FFBA /* Resources */ = {
			isa = PBXResourcesBuildPhase;
			buildActionMask = 2147483647;
			files = (
				471BDD9419A245FB00A9FFBA /* InfoPlist.strings in Resources */,
			);
			runOnlyForDeploymentPostprocessing = 0;
		};
/* End PBXResourcesBuildPhase section */

/* Begin PBXSourcesBuildPhase section */
		471BDD6319A245FB00A9FFBA /* Sources */ = {
			isa = PBXSourcesBuildPhase;
			buildActionMask = 2147483647;
			files = (
				471BDD8119A245FB00A9FFBA /* ViewController.m in Sources */,
				471BDD7B19A245FB00A9FFBA /* AppDelegate.m in Sources */,
				471BDD7719A245FB00A9FFBA /* main.m in Sources */,
			);
			runOnlyForDeploymentPostprocessing = 0;
		};
		471BDD8419A245FB00A9FFBA /* Sources */ = {
			isa = PBXSourcesBuildPhase;
			buildActionMask = 2147483647;
			files = (
				471BDD9619A245FB00A9FFBA /* CalculatorTests.m in Sources */,
			);
			runOnlyForDeploymentPostprocessing = 0;
		};
/* End PBXSourcesBuildPhase section */

/* Begin PBXTargetDependency section */
		471BDD8E19A245FB00A9FFBA /* PBXTargetDependency */ = {
			isa = PBXTargetDependency;
			target = 471BDD6619A245FB00A9FFBA /* Calculator */;
			targetProxy = 471BDD8D19A245FB00A9FFBA /* PBXContainerItemProxy */;
		};
/* End PBXTargetDependency section */

/* Begin PBXVariantGroup section */
		471BDD7319A245FB00A9FFBA /* InfoPlist.strings */ = {
			isa = PBXVariantGroup;
			children = (
				471BDD7419A245FB00A9FFBA /* en */,
			);
			name = InfoPlist.strings;
			sourceTree = "<group>";
		};
		471BDD7C19A245FB00A9FFBA /* Main.storyboard */ = {
			isa = PBXVariantGroup;
			children = (
				471BDD7D19A245FB00A9FFBA /* Base */,
			);
			name = Main.storyboard;
			sourceTree = "<group>";
		};
		471BDD9219A245FB00A9FFBA /* InfoPlist.strings */ = {
			isa = PBXVariantGroup;
			children = (
				471BDD9319A245FB00A9FFBA /* en */,
			);
			name = InfoPlist.strings;
			sourceTree = "<group>";
		};
/* End PBXVariantGroup section */

/* Begin XCBuildConfiguration section */
		471BDD9719A245FB00A9FFBA /* Debug */ = {
			isa = XCBuildConfiguration;
			buildSettings = {
				ALWAYS_SEARCH_USER_PATHS = NO;
				CLANG_CXX_LANGUAGE_STANDARD = "gnu++0x";
				CLANG_CXX_LIBRARY = "libc++";
				CLANG_ENABLE_MODULES = YES;
				CLANG_ENABLE_OBJC_ARC = YES;
				CLANG_WARN_BOOL_CONVERSION = YES;
				CLANG_WARN_CONSTANT_CONVERSION = YES;
				CLANG_WARN_DIRECT_OBJC_ISA_USAGE = YES_ERROR;
				CLANG_WARN_EMPTY_BODY = YES;
				CLANG_WARN_ENUM_CONVERSION = YES;
				CLANG_WARN_INT_CONVERSION = YES;
				CLANG_WARN_OBJC_ROOT_CLASS = YES_ERROR;
				CLANG_WARN__DUPLICATE_METHOD_MATCH = YES;
				"CODE_SIGN_IDENTITY[sdk=iphoneos*]" = "iPhone Developer";
				COPY_PHASE_STRIP = NO;
				GCC_C_LANGUAGE_STANDARD = gnu99;
				GCC_DYNAMIC_NO_PIC = NO;
				GCC_OPTIMIZATION_LEVEL = 0;
				GCC_PREPROCESSOR_DEFINITIONS = (
					"DEBUG=1",
					"$(inherited)",
				);
				GCC_SYMBOLS_PRIVATE_EXTERN = NO;
				GCC_WARN_64_TO_32_BIT_CONVERSION = YES;
				GCC_WARN_ABOUT_RETURN_TYPE = YES_ERROR;
				GCC_WARN_UNDECLARED_SELECTOR = YES;
				GCC_WARN_UNINITIALIZED_AUTOS = YES_AGGRESSIVE;
				GCC_WARN_UNUSED_FUNCTION = YES;
				GCC_WARN_UNUSED_VARIABLE = YES;
				IPHONEOS_DEPLOYMENT_TARGET = 7.1;
				ONLY_ACTIVE_ARCH = YES;
				SDKROOT = iphoneos;
			};
			name = Debug;
		};
		471BDD9819A245FB00A9FFBA /* Release */ = {
			isa = XCBuildConfiguration;
			buildSettings = {
				ALWAYS_SEARCH_USER_PATHS = NO;
				CLANG_CXX_LANGUAGE_STANDARD = "gnu++0x";
				CLANG_CXX_LIBRARY = "libc++";
				CLANG_ENABLE_MODULES = YES;
				CLANG_ENABLE_OBJC_ARC = YES;
				CLANG_WARN_BOOL_CONVERSION = YES;
				CLANG_WARN_CONSTANT_CONVERSION = YES;
				CLANG_WARN_DIRECT_OBJC_ISA_USAGE = YES_ERROR;
				CLANG_WARN_EMPTY_BODY = YES;
				CLANG_WARN_ENUM_CONVERSION = YES;
				CLANG_WARN_INT_CONVERSION = YES;
				CLANG_WARN_OBJC_ROOT_CLASS = YES_ERROR;
				CLANG_WARN__DUPLICATE_METHOD_MATCH = YES;
				"CODE_SIGN_IDENTITY[sdk=iphoneos*]" = "iPhone Developer";
				COPY_PHASE_STRIP = YES;
				ENABLE_NS_ASSERTIONS = NO;
				GCC_C_LANGUAGE_STANDARD = gnu99;
				GCC_WARN_64_TO_32_BIT_CONVERSION = YES;
				GCC_WARN_ABOUT_RETURN_TYPE = YES_ERROR;
				GCC_WARN_UNDECLARED_SELECTOR = YES;
				GCC_WARN_UNINITIALIZED_AUTOS = YES_AGGRESSIVE;
				GCC_WARN_UNUSED_FUNCTION = YES;
				GCC_WARN_UNUSED_VARIABLE = YES;
				IPHONEOS_DEPLOYMENT_TARGET = 7.1;
				SDKROOT = iphoneos;
				VALIDATE_PRODUCT = YES;
			};
			name = Release;
		};
		471BDD9A19A245FB00A9FFBA /* Debug */ = {
			isa = XCBuildConfiguration;
			buildSettings = {
				ASSETCATALOG_COMPILER_APPICON_NAME = AppIcon;
				ASSETCATALOG_COMPILER_LAUNCHIMAGE_NAME = LaunchImage;
				GCC_PRECOMPILE_PREFIX_HEADER = YES;
				GCC_PREFIX_HEADER = "Calculator/Calculator-Prefix.pch";
				INFOPLIST_FILE = "Calculator/Calculator-Info.plist";
				PRODUCT_NAME = "$(TARGET_NAME)";
				WRAPPER_EXTENSION = app;
			};
			name = Debug;
		};
		471BDD9B19A245FB00A9FFBA /* Release */ = {
			isa = XCBuildConfiguration;
			buildSettings = {
				ASSETCATALOG_COMPILER_APPICON_NAME = AppIcon;
				ASSETCATALOG_COMPILER_LAUNCHIMAGE_NAME = LaunchImage;
				GCC_PRECOMPILE_PREFIX_HEADER = YES;
				GCC_PREFIX_HEADER = "Calculator/Calculator-Prefix.pch";
				INFOPLIST_FILE = "Calculator/Calculator-Info.plist";
				PRODUCT_NAME = "$(TARGET_NAME)";
				WRAPPER_EXTENSION = app;
			};
			name = Release;
		};
		471BDD9D19A245FB00A9FFBA /* Debug */ = {
			isa = XCBuildConfiguration;
			buildSettings = {
				BUNDLE_LOADER = "$(BUILT_PRODUCTS_DIR)/Calculator.app/Calculator";
				FRAMEWORK_SEARCH_PATHS = (
					"$(SDKROOT)/Developer/Library/Frameworks",
					"$(inherited)",
					"$(DEVELOPER_FRAMEWORKS_DIR)",
				);
				GCC_PRECOMPILE_PREFIX_HEADER = YES;
				GCC_PREFIX_HEADER = "Calculator/Calculator-Prefix.pch";
				GCC_PREPROCESSOR_DEFINITIONS = (
					"DEBUG=1",
					"$(inherited)",
				);
				INFOPLIST_FILE = "CalculatorTests/CalculatorTests-Info.plist";
				PRODUCT_NAME = "$(TARGET_NAME)";
				TEST_HOST = "$(BUNDLE_LOADER)";
				WRAPPER_EXTENSION = xctest;
			};
			name = Debug;
		};
		471BDD9E19A245FB00A9FFBA /* Release */ = {
			isa = XCBuildConfiguration;
			buildSettings = {
				BUNDLE_LOADER = "$(BUILT_PRODUCTS_DIR)/Calculator.app/Calculator";
				FRAMEWORK_SEARCH_PATHS = (
					"$(SDKROOT)/Developer/Library/Frameworks",
					"$(inherited)",
					"$(DEVELOPER_FRAMEWORKS_DIR)",
				);
				GCC_PRECOMPILE_PREFIX_HEADER = YES;
				GCC_PREFIX_HEADER = "Calculator/Calculator-Prefix.pch";
				INFOPLIST_FILE = "CalculatorTests/CalculatorTests-Info.plist";
				PRODUCT_NAME = "$(TARGET_NAME)";
				TEST_HOST = "$(BUNDLE_LOADER)";
				WRAPPER_EXTENSION = xctest;
			};
			name = Release;
		};
/* End XCBuildConfiguration section */

/* Begin XCConfigurationList section */
		471BDD6219A245FB00A9FFBA /* Build configuration list for PBXProject "Calculator" */ = {
			isa = XCConfigurationList;
			buildConfigurations = (
				471BDD9719A245FB00A9FFBA /* Debug */,
				471BDD9819A245FB00A9FFBA /* Release */,
			);
			defaultConfigurationIsVisible = 0;
			defaultConfigurationName = Release;
		};
		471BDD9919A245FB00A9FFBA /* Build configuration list for PBXNativeTarget "Calculator" */ = {
			isa = XCConfigurationList;
			buildConfigurations = (
				471BDD9A19A245FB00A9FFBA /* Debug */,
				471BDD9B19A245FB00A9FFBA /* Release */,
			);
			defaultConfigurationIsVisible = 0;
		};
		471BDD9C19A245FB00A9FFBA /* Build configuration list for PBXNativeTarget "CalculatorTests" */ = {
			isa = XCConfigurationList;
			buildConfigurations = (
				471BDD9D19A245FB00A9FFBA /* Debug */,
				471BDD9E19A245FB00A9FFBA /* Release */,
			);
			defaultConfigurationIsVisible = 0;
		};
/* End XCConfigurationList section */
	};
	rootObject = 471BDD5F19A245FB00A9FFBA /* Project object */;
}
